
Microsoft Visual Studio Solution File, Format Version 12.00
# Visual Studio Version 16
VisualStudioVersion = 16.0.30204.135
MinimumVisualStudioVersion = 10.0.40219.1
Project("{FAE04EC0-301F-11D3-BF4B-00C04F79EFBC}") = "SimpleDataApp", "SimpleDataApp\SimpleDataApp.csproj", "{C3521853-A31D-448B-9929-3FA93C2A7F6C}"
EndProject
Global
	GlobalSection(SolutionConfigurationPlatforms) = preSolution
		Debug|Any CPU = Debug|Any CPU
		Release|Any CPU = Release|Any CPU
	EndGlobalSection
	GlobalSection(ProjectConfigurationPlatforms) = postSolution
		{C3521853-A31D-448B-9929-3FA93C2A7F6C}.Debug|Any CPU.ActiveCfg = Debug|Any CPU
		{C3521853-A31D-448B-9929-3FA93C2A7F6C}.Debug|Any CPU.Build.0 = Debug|Any CPU
		{C3521853-A31D-448B-9929-3FA93C2A7F6C}.Release|Any CPU.ActiveCfg = Release|Any CPU
		{C3521853-A31D-448B-9929-3FA93C2A7F6C}.Release|Any CPU.Build.0 = Release|Any CPU
	EndGlobalSection
	GlobalSection(SolutionProperties) = preSolution
		HideSolutionNode = FALSE
	EndGlobalSection
	GlobalSection(ExtensibilityGlobals) = postSolution
		SolutionGuid = {661D2C6C-C078-4406-9B4E-D7D4B4A9783A}
	EndGlobalSection
EndGlobal
